
Microsoft Visual Studio Solution File, Format Version 12.00
# Visual Studio 2013
VisualStudioVersion = 12.0.21005.1
MinimumVisualStudioVersion = 10.0.40219.1
Project("{8BC9CEB8-8B4A-11D0-8D11-00A0C91BC942}") = "C++内存管理1", "C++内存管理1\C++内存管理1.vcxproj", "{5FF318A4-33C6-4B5E-9390-F8D60C20B574}"
EndProject
Global
	GlobalSection(SolutionConfigurationPlatforms) = preSolution
		Debug|Win32 = Debug|Win32
		Release|Win32 = Release|Win32
	EndGlobalSection
	GlobalSection(ProjectConfigurationPlatforms) = postSolution
		{5FF318A4-33C6-4B5E-9390-F8D60C20B574}.Debug|Win32.ActiveCfg = Debug|Win32
		{5FF318A4-33C6-4B5E-9390-F8D60C20B574}.Debug|Win32.Build.0 = Debug|Win32
		{5FF318A4-33C6-4B5E-9390-F8D60C20B574}.Release|Win32.ActiveCfg = Release|Win32
		{5FF318A4-33C6-4B5E-9390-F8D60C20B574}.Release|Win32.Build.0 = Release|Win32
	EndGlobalSection
	GlobalSection(SolutionProperties) = preSolution
		HideSolutionNode = FALSE
	EndGlobalSection
EndGlobal
