
Microsoft Visual Studio Solution File, Format Version 12.00
# Visual Studio 2013
VisualStudioVersion = 12.0.21005.1
MinimumVisualStudioVersion = 10.0.40219.1
Project("{8BC9CEB8-8B4A-11D0-8D11-00A0C91BC942}") = "11-20MRYT", "11-20MRYT\11-20MRYT.vcxproj", "{B0973357-DF87-4383-847D-7AE49916B88C}"
EndProject
Global
	GlobalSection(SolutionConfigurationPlatforms) = preSolution
		Debug|Win32 = Debug|Win32
		Release|Win32 = Release|Win32
	EndGlobalSection
	GlobalSection(ProjectConfigurationPlatforms) = postSolution
		{B0973357-DF87-4383-847D-7AE49916B88C}.Debug|Win32.ActiveCfg = Debug|Win32
		{B0973357-DF87-4383-847D-7AE49916B88C}.Debug|Win32.Build.0 = Debug|Win32
		{B0973357-DF87-4383-847D-7AE49916B88C}.Release|Win32.ActiveCfg = Release|Win32
		{B0973357-DF87-4383-847D-7AE49916B88C}.Release|Win32.Build.0 = Release|Win32
	EndGlobalSection
	GlobalSection(SolutionProperties) = preSolution
		HideSolutionNode = FALSE
	EndGlobalSection
EndGlobal
