
Microsoft Visual Studio Solution File, Format Version 12.00
# Visual Studio 2013
VisualStudioVersion = 12.0.21005.1
MinimumVisualStudioVersion = 10.0.40219.1
Project("{8BC9CEB8-8B4A-11D0-8D11-00A0C91BC942}") = "C语言，动态内存开辟习题", "C语言，动态内存开辟习题\C语言，动态内存开辟习题.vcxproj", "{0C8357BC-6DE9-414E-B5FD-D4D6DDFE1863}"
EndProject
Global
	GlobalSection(SolutionConfigurationPlatforms) = preSolution
		Debug|Win32 = Debug|Win32
		Release|Win32 = Release|Win32
	EndGlobalSection
	GlobalSection(ProjectConfigurationPlatforms) = postSolution
		{0C8357BC-6DE9-414E-B5FD-D4D6DDFE1863}.Debug|Win32.ActiveCfg = Debug|Win32
		{0C8357BC-6DE9-414E-B5FD-D4D6DDFE1863}.Debug|Win32.Build.0 = Debug|Win32
		{0C8357BC-6DE9-414E-B5FD-D4D6DDFE1863}.Release|Win32.ActiveCfg = Release|Win32
		{0C8357BC-6DE9-414E-B5FD-D4D6DDFE1863}.Release|Win32.Build.0 = Release|Win32
	EndGlobalSection
	GlobalSection(SolutionProperties) = preSolution
		HideSolutionNode = FALSE
	EndGlobalSection
EndGlobal
