
Microsoft Visual Studio Solution File, Format Version 12.00
# Visual Studio 2013
VisualStudioVersion = 12.0.21005.1
MinimumVisualStudioVersion = 10.0.40219.1
Project("{8BC9CEB8-8B4A-11D0-8D11-00A0C91BC942}") = "C_NC_day14-2-字符串旋转判定", "C_NC_day14-2-字符串旋转判定\C_NC_day14-2-字符串旋转判定.vcxproj", "{9146283E-8C00-4645-B3F0-D988FE36B34A}"
EndProject
Global
	GlobalSection(SolutionConfigurationPlatforms) = preSolution
		Debug|Win32 = Debug|Win32
		Release|Win32 = Release|Win32
	EndGlobalSection
	GlobalSection(ProjectConfigurationPlatforms) = postSolution
		{9146283E-8C00-4645-B3F0-D988FE36B34A}.Debug|Win32.ActiveCfg = Debug|Win32
		{9146283E-8C00-4645-B3F0-D988FE36B34A}.Debug|Win32.Build.0 = Debug|Win32
		{9146283E-8C00-4645-B3F0-D988FE36B34A}.Release|Win32.ActiveCfg = Release|Win32
		{9146283E-8C00-4645-B3F0-D988FE36B34A}.Release|Win32.Build.0 = Release|Win32
	EndGlobalSection
	GlobalSection(SolutionProperties) = preSolution
		HideSolutionNode = FALSE
	EndGlobalSection
EndGlobal
